
Microsoft Visual Studio Solution File, Format Version 11.00
# Visual Studio 2010
Project("{8BC9CEB8-8B4A-11D0-8D11-00A0C91BC942}") = "MediaInfo", "MediaInfo\MediaInfo.vcxproj", "{D9BD6B09-ED01-42A1-BE73-E5B32190AC35}"
EndProject
Global
	GlobalSection(SolutionConfigurationPlatforms) = preSolution
		Debug|Win32 = Debug|Win32
		Release|Win32 = Release|Win32
	EndGlobalSection
	GlobalSection(ProjectConfigurationPlatforms) = postSolution
		{D9BD6B09-ED01-42A1-BE73-E5B32190AC35}.Debug|Win32.ActiveCfg = Release|Win32
		{D9BD6B09-ED01-42A1-BE73-E5B32190AC35}.Debug|Win32.Build.0 = Release|Win32
		{D9BD6B09-ED01-42A1-BE73-E5B32190AC35}.Release|Win32.ActiveCfg = Release|Win32
		{D9BD6B09-ED01-42A1-BE73-E5B32190AC35}.Release|Win32.Build.0 = Release|Win32
	EndGlobalSection
	GlobalSection(SolutionProperties) = preSolution
		HideSolutionNode = FALSE
	EndGlobalSection
EndGlobal
